
Microsoft Visual Studio Solution File, Format Version 12.00
# Visual Studio 15
VisualStudioVersion = 15.0.28307.271
MinimumVisualStudioVersion = 10.0.40219.1
Project("{FAE04EC0-301F-11D3-BF4B-00C04F79EFBC}") = "WebApp", "WebApp\WebApp.csproj", "{A834A1BF-C9F8-4B22-97A0-25D49814FA34}"
EndProject
Project("{FAE04EC0-301F-11D3-BF4B-00C04F79EFBC}") = "App.Repository", "App.Repository\App.Repository.csproj", "{D7154799-3834-4B59-BBE5-0293AB5726F5}"
EndProject
Project("{FAE04EC0-301F-11D3-BF4B-00C04F79EFBC}") = "App.Domain", "App.Domain\App.Domain.csproj", "{1E85B962-E7B6-44CE-BB30-8C8C3304FB65}"
EndProject
Global
	GlobalSection(SolutionConfigurationPlatforms) = preSolution
		Debug|Any CPU = Debug|Any CPU
		Release|Any CPU = Release|Any CPU
	EndGlobalSection
	GlobalSection(ProjectConfigurationPlatforms) = postSolution
		{A834A1BF-C9F8-4B22-97A0-25D49814FA34}.Debug|Any CPU.ActiveCfg = Debug|Any CPU
		{A834A1BF-C9F8-4B22-97A0-25D49814FA34}.Debug|Any CPU.Build.0 = Debug|Any CPU
		{A834A1BF-C9F8-4B22-97A0-25D49814FA34}.Release|Any CPU.ActiveCfg = Release|Any CPU
		{A834A1BF-C9F8-4B22-97A0-25D49814FA34}.Release|Any CPU.Build.0 = Release|Any CPU
		{D7154799-3834-4B59-BBE5-0293AB5726F5}.Debug|Any CPU.ActiveCfg = Debug|Any CPU
		{D7154799-3834-4B59-BBE5-0293AB5726F5}.Debug|Any CPU.Build.0 = Debug|Any CPU
		{D7154799-3834-4B59-BBE5-0293AB5726F5}.Release|Any CPU.ActiveCfg = Release|Any CPU
		{D7154799-3834-4B59-BBE5-0293AB5726F5}.Release|Any CPU.Build.0 = Release|Any CPU
		{1E85B962-E7B6-44CE-BB30-8C8C3304FB65}.Debug|Any CPU.ActiveCfg = Debug|Any CPU
		{1E85B962-E7B6-44CE-BB30-8C8C3304FB65}.Debug|Any CPU.Build.0 = Debug|Any CPU
		{1E85B962-E7B6-44CE-BB30-8C8C3304FB65}.Release|Any CPU.ActiveCfg = Release|Any CPU
		{1E85B962-E7B6-44CE-BB30-8C8C3304FB65}.Release|Any CPU.Build.0 = Release|Any CPU
	EndGlobalSection
	GlobalSection(SolutionProperties) = preSolution
		HideSolutionNode = FALSE
	EndGlobalSection
	GlobalSection(ExtensibilityGlobals) = postSolution
		SolutionGuid = {CA1B5FCE-4110-4321-9A1B-3FF66A979419}
	EndGlobalSection
EndGlobal
